
Microsoft Visual Studio Solution File, Format Version 12.00
# Visual Studio Version 17
VisualStudioVersion = 17.5.33502.453
MinimumVisualStudioVersion = 10.0.40219.1
Project("{FAE04EC0-301F-11D3-BF4B-00C04F79EFBC}") = "Cwiczenie3Zadanie6", "Cwiczenie3Zadanie6\Cwiczenie3Zadanie6.csproj", "{F8DB785F-1AD1-4B64-B5D2-8AE861B8FB3B}"
EndProject
Global
	GlobalSection(SolutionConfigurationPlatforms) = preSolution
		Debug|Any CPU = Debug|Any CPU
		Release|Any CPU = Release|Any CPU
	EndGlobalSection
	GlobalSection(ProjectConfigurationPlatforms) = postSolution
		{F8DB785F-1AD1-4B64-B5D2-8AE861B8FB3B}.Debug|Any CPU.ActiveCfg = Debug|Any CPU
		{F8DB785F-1AD1-4B64-B5D2-8AE861B8FB3B}.Debug|Any CPU.Build.0 = Debug|Any CPU
		{F8DB785F-1AD1-4B64-B5D2-8AE861B8FB3B}.Release|Any CPU.ActiveCfg = Release|Any CPU
		{F8DB785F-1AD1-4B64-B5D2-8AE861B8FB3B}.Release|Any CPU.Build.0 = Release|Any CPU
	EndGlobalSection
	GlobalSection(SolutionProperties) = preSolution
		HideSolutionNode = FALSE
	EndGlobalSection
	GlobalSection(ExtensibilityGlobals) = postSolution
		SolutionGuid = {813E2200-42AA-4D22-93A3-FC53E1664FF9}
	EndGlobalSection
EndGlobal
