
Microsoft Visual Studio Solution File, Format Version 12.00
# Visual Studio Version 17
VisualStudioVersion = 17.5.33502.453
MinimumVisualStudioVersion = 10.0.40219.1
Project("{FAE04EC0-301F-11D3-BF4B-00C04F79EFBC}") = "Cwiczenie8Zadanie2", "Cwiczenie8Zadanie2\Cwiczenie8Zadanie2.csproj", "{14D0119B-3B51-4645-81D5-A72BFCD95A4F}"
EndProject
Global
	GlobalSection(SolutionConfigurationPlatforms) = preSolution
		Debug|Any CPU = Debug|Any CPU
		Release|Any CPU = Release|Any CPU
	EndGlobalSection
	GlobalSection(ProjectConfigurationPlatforms) = postSolution
		{14D0119B-3B51-4645-81D5-A72BFCD95A4F}.Debug|Any CPU.ActiveCfg = Debug|Any CPU
		{14D0119B-3B51-4645-81D5-A72BFCD95A4F}.Debug|Any CPU.Build.0 = Debug|Any CPU
		{14D0119B-3B51-4645-81D5-A72BFCD95A4F}.Release|Any CPU.ActiveCfg = Release|Any CPU
		{14D0119B-3B51-4645-81D5-A72BFCD95A4F}.Release|Any CPU.Build.0 = Release|Any CPU
	EndGlobalSection
	GlobalSection(SolutionProperties) = preSolution
		HideSolutionNode = FALSE
	EndGlobalSection
	GlobalSection(ExtensibilityGlobals) = postSolution
		SolutionGuid = {B60E69A2-A776-4FB7-8564-22BEA8497272}
	EndGlobalSection
EndGlobal
