
Microsoft Visual Studio Solution File, Format Version 12.00
# Visual Studio Version 17
VisualStudioVersion = 17.5.33502.453
MinimumVisualStudioVersion = 10.0.40219.1
Project("{FAE04EC0-301F-11D3-BF4B-00C04F79EFBC}") = "Cwiczenie7Zadanie4", "Cwiczenie7Zadanie4\Cwiczenie7Zadanie4.csproj", "{B2425027-4ADA-4101-9A67-75E510CC0F74}"
EndProject
Global
	GlobalSection(SolutionConfigurationPlatforms) = preSolution
		Debug|Any CPU = Debug|Any CPU
		Release|Any CPU = Release|Any CPU
	EndGlobalSection
	GlobalSection(ProjectConfigurationPlatforms) = postSolution
		{B2425027-4ADA-4101-9A67-75E510CC0F74}.Debug|Any CPU.ActiveCfg = Debug|Any CPU
		{B2425027-4ADA-4101-9A67-75E510CC0F74}.Debug|Any CPU.Build.0 = Debug|Any CPU
		{B2425027-4ADA-4101-9A67-75E510CC0F74}.Release|Any CPU.ActiveCfg = Release|Any CPU
		{B2425027-4ADA-4101-9A67-75E510CC0F74}.Release|Any CPU.Build.0 = Release|Any CPU
	EndGlobalSection
	GlobalSection(SolutionProperties) = preSolution
		HideSolutionNode = FALSE
	EndGlobalSection
	GlobalSection(ExtensibilityGlobals) = postSolution
		SolutionGuid = {687AAEB1-A327-4CDA-A73E-CD0FB1B51A80}
	EndGlobalSection
EndGlobal
