
Microsoft Visual Studio Solution File, Format Version 12.00
# Visual Studio Version 17
VisualStudioVersion = 17.5.33502.453
MinimumVisualStudioVersion = 10.0.40219.1
Project("{FAE04EC0-301F-11D3-BF4B-00C04F79EFBC}") = "Cwiczenie6Zadanie1", "Cwiczenie6Zadanie1\Cwiczenie6Zadanie1.csproj", "{48938957-F4A7-43E3-B09A-BCDDA3638A6C}"
EndProject
Global
	GlobalSection(SolutionConfigurationPlatforms) = preSolution
		Debug|Any CPU = Debug|Any CPU
		Release|Any CPU = Release|Any CPU
	EndGlobalSection
	GlobalSection(ProjectConfigurationPlatforms) = postSolution
		{48938957-F4A7-43E3-B09A-BCDDA3638A6C}.Debug|Any CPU.ActiveCfg = Debug|Any CPU
		{48938957-F4A7-43E3-B09A-BCDDA3638A6C}.Debug|Any CPU.Build.0 = Debug|Any CPU
		{48938957-F4A7-43E3-B09A-BCDDA3638A6C}.Release|Any CPU.ActiveCfg = Release|Any CPU
		{48938957-F4A7-43E3-B09A-BCDDA3638A6C}.Release|Any CPU.Build.0 = Release|Any CPU
	EndGlobalSection
	GlobalSection(SolutionProperties) = preSolution
		HideSolutionNode = FALSE
	EndGlobalSection
	GlobalSection(ExtensibilityGlobals) = postSolution
		SolutionGuid = {D10DEEA9-3F10-4F08-89CA-FA835B03FAC8}
	EndGlobalSection
EndGlobal
