
Microsoft Visual Studio Solution File, Format Version 12.00
# Visual Studio Version 17
VisualStudioVersion = 17.5.33502.453
MinimumVisualStudioVersion = 10.0.40219.1
Project("{FAE04EC0-301F-11D3-BF4B-00C04F79EFBC}") = "Cwiczenie2Zadanie5", "Cwiczenie2Zadanie5\Cwiczenie2Zadanie5.csproj", "{6C2BA7B1-BF25-4676-A254-23DF34C1564B}"
EndProject
Global
	GlobalSection(SolutionConfigurationPlatforms) = preSolution
		Debug|Any CPU = Debug|Any CPU
		Release|Any CPU = Release|Any CPU
	EndGlobalSection
	GlobalSection(ProjectConfigurationPlatforms) = postSolution
		{6C2BA7B1-BF25-4676-A254-23DF34C1564B}.Debug|Any CPU.ActiveCfg = Debug|Any CPU
		{6C2BA7B1-BF25-4676-A254-23DF34C1564B}.Debug|Any CPU.Build.0 = Debug|Any CPU
		{6C2BA7B1-BF25-4676-A254-23DF34C1564B}.Release|Any CPU.ActiveCfg = Release|Any CPU
		{6C2BA7B1-BF25-4676-A254-23DF34C1564B}.Release|Any CPU.Build.0 = Release|Any CPU
	EndGlobalSection
	GlobalSection(SolutionProperties) = preSolution
		HideSolutionNode = FALSE
	EndGlobalSection
	GlobalSection(ExtensibilityGlobals) = postSolution
		SolutionGuid = {C5DC9135-C9FD-4183-9063-99379B06DAE6}
	EndGlobalSection
EndGlobal
