
Microsoft Visual Studio Solution File, Format Version 12.00
# Visual Studio Version 17
VisualStudioVersion = 17.5.33502.453
MinimumVisualStudioVersion = 10.0.40219.1
Project("{FAE04EC0-301F-11D3-BF4B-00C04F79EFBC}") = "Cwiczenie2Zadanie7", "Cwiczenie2Zadanie7\Cwiczenie2Zadanie7.csproj", "{964CC3C7-D5E1-45E1-8B70-990891F4165A}"
EndProject
Global
	GlobalSection(SolutionConfigurationPlatforms) = preSolution
		Debug|Any CPU = Debug|Any CPU
		Release|Any CPU = Release|Any CPU
	EndGlobalSection
	GlobalSection(ProjectConfigurationPlatforms) = postSolution
		{964CC3C7-D5E1-45E1-8B70-990891F4165A}.Debug|Any CPU.ActiveCfg = Debug|Any CPU
		{964CC3C7-D5E1-45E1-8B70-990891F4165A}.Debug|Any CPU.Build.0 = Debug|Any CPU
		{964CC3C7-D5E1-45E1-8B70-990891F4165A}.Release|Any CPU.ActiveCfg = Release|Any CPU
		{964CC3C7-D5E1-45E1-8B70-990891F4165A}.Release|Any CPU.Build.0 = Release|Any CPU
	EndGlobalSection
	GlobalSection(SolutionProperties) = preSolution
		HideSolutionNode = FALSE
	EndGlobalSection
	GlobalSection(ExtensibilityGlobals) = postSolution
		SolutionGuid = {ACA2EA23-86B6-4BB6-BF22-7EA12CF5D604}
	EndGlobalSection
EndGlobal
